
Microsoft Visual Studio Solution File, Format Version 12.00
# Visual Studio Version 16
VisualStudioVersion = 16.0.30204.135
MinimumVisualStudioVersion = 10.0.40219.1
Project("{FAE04EC0-301F-11D3-BF4B-00C04F79EFBC}") = "LAB08", "LAB08\LAB08.csproj", "{1E6105AC-B245-4453-A225-B157A47DA7B1}"
EndProject
Global
	GlobalSection(SolutionConfigurationPlatforms) = preSolution
		Debug|Any CPU = Debug|Any CPU
		Release|Any CPU = Release|Any CPU
	EndGlobalSection
	GlobalSection(ProjectConfigurationPlatforms) = postSolution
		{1E6105AC-B245-4453-A225-B157A47DA7B1}.Debug|Any CPU.ActiveCfg = Debug|Any CPU
		{1E6105AC-B245-4453-A225-B157A47DA7B1}.Debug|Any CPU.Build.0 = Debug|Any CPU
		{1E6105AC-B245-4453-A225-B157A47DA7B1}.Release|Any CPU.ActiveCfg = Release|Any CPU
		{1E6105AC-B245-4453-A225-B157A47DA7B1}.Release|Any CPU.Build.0 = Release|Any CPU
	EndGlobalSection
	GlobalSection(SolutionProperties) = preSolution
		HideSolutionNode = FALSE
	EndGlobalSection
	GlobalSection(ExtensibilityGlobals) = postSolution
		SolutionGuid = {37B93D94-AB8A-4120-A74C-1BE123AD640D}
	EndGlobalSection
EndGlobal
