
Microsoft Visual Studio Solution File, Format Version 12.00
# Visual Studio Version 16
VisualStudioVersion = 16.0.30204.135
MinimumVisualStudioVersion = 10.0.40219.1
Project("{FAE04EC0-301F-11D3-BF4B-00C04F79EFBC}") = "LAB03", "LAB03\LAB03.csproj", "{09DC35BA-5F2F-4CF9-90C5-90DAE745EB34}"
EndProject
Global
	GlobalSection(SolutionConfigurationPlatforms) = preSolution
		Debug|Any CPU = Debug|Any CPU
		Release|Any CPU = Release|Any CPU
	EndGlobalSection
	GlobalSection(ProjectConfigurationPlatforms) = postSolution
		{09DC35BA-5F2F-4CF9-90C5-90DAE745EB34}.Debug|Any CPU.ActiveCfg = Debug|Any CPU
		{09DC35BA-5F2F-4CF9-90C5-90DAE745EB34}.Debug|Any CPU.Build.0 = Debug|Any CPU
		{09DC35BA-5F2F-4CF9-90C5-90DAE745EB34}.Release|Any CPU.ActiveCfg = Release|Any CPU
		{09DC35BA-5F2F-4CF9-90C5-90DAE745EB34}.Release|Any CPU.Build.0 = Release|Any CPU
	EndGlobalSection
	GlobalSection(SolutionProperties) = preSolution
		HideSolutionNode = FALSE
	EndGlobalSection
	GlobalSection(ExtensibilityGlobals) = postSolution
		SolutionGuid = {B4F7DFFF-5496-460D-B2D0-3B2549148DB8}
	EndGlobalSection
EndGlobal
