
Microsoft Visual Studio Solution File, Format Version 12.00
# Visual Studio Version 16
VisualStudioVersion = 16.0.30413.136
MinimumVisualStudioVersion = 10.0.40219.1
Project("{9A19103F-16F7-4668-BE54-9A1E7A4F7556}") = "LAB03", "LAB03\LAB03.csproj", "{ABB8F132-FB7D-46E0-AD74-A88635D33A6E}"
EndProject
Global
	GlobalSection(SolutionConfigurationPlatforms) = preSolution
		Debug|Any CPU = Debug|Any CPU
		Release|Any CPU = Release|Any CPU
	EndGlobalSection
	GlobalSection(ProjectConfigurationPlatforms) = postSolution
		{ABB8F132-FB7D-46E0-AD74-A88635D33A6E}.Debug|Any CPU.ActiveCfg = Debug|Any CPU
		{ABB8F132-FB7D-46E0-AD74-A88635D33A6E}.Debug|Any CPU.Build.0 = Debug|Any CPU
		{ABB8F132-FB7D-46E0-AD74-A88635D33A6E}.Release|Any CPU.ActiveCfg = Release|Any CPU
		{ABB8F132-FB7D-46E0-AD74-A88635D33A6E}.Release|Any CPU.Build.0 = Release|Any CPU
	EndGlobalSection
	GlobalSection(SolutionProperties) = preSolution
		HideSolutionNode = FALSE
	EndGlobalSection
	GlobalSection(ExtensibilityGlobals) = postSolution
		SolutionGuid = {0169AEB2-304F-44B0-A406-FE6F1D5E5027}
	EndGlobalSection
EndGlobal
